
Microsoft Visual Studio Solution File, Format Version 12.00
# Visual Studio Version 17
VisualStudioVersion = 17.7.34031.279
MinimumVisualStudioVersion = 10.0.40219.1
Project("{9A19103F-16F7-4668-BE54-9A1E7A4F7556}") = "SimpleNewTab.Api", "src\SimpleNewTab.Api\SimpleNewTab.Api.csproj", "{412F98CD-18E9-44F3-A338-256EBD352CE8}"
EndProject
Project("{9A19103F-16F7-4668-BE54-9A1E7A4F7556}") = "SimpleNewTab.Api.UnitTests", "tests\SimpleNewTab.Api.UnitTests\SimpleNewTab.Api.UnitTests.csproj", "{4C837B55-24DE-4ABB-982D-B079E933CFC6}"
EndProject
Global
	GlobalSection(SolutionConfigurationPlatforms) = preSolution
		Debug|Any CPU = Debug|Any CPU
		Release|Any CPU = Release|Any CPU
	EndGlobalSection
	GlobalSection(ProjectConfigurationPlatforms) = postSolution
		{412F98CD-18E9-44F3-A338-256EBD352CE8}.Debug|Any CPU.ActiveCfg = Debug|Any CPU
		{412F98CD-18E9-44F3-A338-256EBD352CE8}.Debug|Any CPU.Build.0 = Debug|Any CPU
		{412F98CD-18E9-44F3-A338-256EBD352CE8}.Release|Any CPU.ActiveCfg = Release|Any CPU
		{412F98CD-18E9-44F3-A338-256EBD352CE8}.Release|Any CPU.Build.0 = Release|Any CPU
		{4C837B55-24DE-4ABB-982D-B079E933CFC6}.Debug|Any CPU.ActiveCfg = Debug|Any CPU
		{4C837B55-24DE-4ABB-982D-B079E933CFC6}.Debug|Any CPU.Build.0 = Debug|Any CPU
		{4C837B55-24DE-4ABB-982D-B079E933CFC6}.Release|Any CPU.ActiveCfg = Release|Any CPU
		{4C837B55-24DE-4ABB-982D-B079E933CFC6}.Release|Any CPU.Build.0 = Release|Any CPU
	EndGlobalSection
	GlobalSection(SolutionProperties) = preSolution
		HideSolutionNode = FALSE
	EndGlobalSection
	GlobalSection(ExtensibilityGlobals) = postSolution
		SolutionGuid = {5849532D-5450-4669-8717-C8F5BB108679}
	EndGlobalSection
EndGlobal
